{
  "originHash" : "abb31eb18982656500450c551541358a72f5b6b915927b74a2afd6391649398f",
  "pins" : [
    {
      "identity" : "progress-bar---slider-custom-swiftui-view",
      "kind" : "remoteSourceControl",
      "location" : "https://github.com/hlum/Progress-bar---Slider-Custom-SwiftUI-View.git",
      "state" : {
        "branch" : "main",
        "revision" : "9a87ceab563185bd2c622d34cd75aaa1b3b093d2"
      }
    },
    {
      "identity" : "youtubekit",
      "kind" : "remoteSourceControl",
      "location" : "https://github.com/alexeichhorn/YouTubeKit.git",
      "state" : {
        "revision" : "e1895c72f0edff9acd6b41977d2ad9c6245e8306",
        "version" : "0.2.7"
      }
    }
  ],
  "version" : 3
}
