{
  "originHash" : "e081bb6d8ec29a5ccd64e0fce80ffd73cd6661304b6dfd4f5b074daf19eaf8bb",
  "pins" : [
    {
      "identity" : "progress-bar---slider-custom-swiftui-view",
      "kind" : "remoteSourceControl",
      "location" : "https://github.com/hlum/Progress-bar---Slider-Custom-SwiftUI-View",
      "state" : {
        "branch" : "main",
        "revision" : "59f701e5ff3abfa8eed10b8711e1889c6c70ca30"
      }
    },
    {
      "identity" : "youtubekit",
      "kind" : "remoteSourceControl",
      "location" : "https://github.com/alexeichhorn/YouTubeKit.git",
      "state" : {
        "revision" : "e1895c72f0edff9acd6b41977d2ad9c6245e8306",
        "version" : "0.2.7"
      }
    }
  ],
  "version" : 3
}
